
Microsoft Visual Studio Solution File, Format Version 12.00
# Visual Studio Version 16
VisualStudioVersion = 16.0.30413.136
MinimumVisualStudioVersion = 10.0.40219.1
Project("{FAE04EC0-301F-11D3-BF4B-00C04F79EFBC}") = "intento", "intento\intento.csproj", "{F057C344-CDAE-492D-A9A0-FBF6989706A4}"
EndProject
Global
	GlobalSection(SolutionConfigurationPlatforms) = preSolution
		Debug|Any CPU = Debug|Any CPU
		Release|Any CPU = Release|Any CPU
	EndGlobalSection
	GlobalSection(ProjectConfigurationPlatforms) = postSolution
		{F057C344-CDAE-492D-A9A0-FBF6989706A4}.Debug|Any CPU.ActiveCfg = Debug|Any CPU
		{F057C344-CDAE-492D-A9A0-FBF6989706A4}.Debug|Any CPU.Build.0 = Debug|Any CPU
		{F057C344-CDAE-492D-A9A0-FBF6989706A4}.Release|Any CPU.ActiveCfg = Release|Any CPU
		{F057C344-CDAE-492D-A9A0-FBF6989706A4}.Release|Any CPU.Build.0 = Release|Any CPU
	EndGlobalSection
	GlobalSection(SolutionProperties) = preSolution
		HideSolutionNode = FALSE
	EndGlobalSection
	GlobalSection(ExtensibilityGlobals) = postSolution
		SolutionGuid = {2167CED2-A181-46EB-98F4-4759710DE988}
	EndGlobalSection
EndGlobal
